
Microsoft Visual Studio Solution File, Format Version 12.00
# Visual Studio 15
VisualStudioVersion = 15.0.28307.136
MinimumVisualStudioVersion = 10.0.40219.1
Project("{FAE04EC0-301F-11D3-BF4B-00C04F79EFBC}") = "FastCards.Android", "FastCards\FastCards.Android\FastCards.Android.csproj", "{4F526C74-757A-451A-8244-C1C3BC08AAC1}"
EndProject
Project("{FAE04EC0-301F-11D3-BF4B-00C04F79EFBC}") = "FastCards", "FastCards\FastCards\FastCards.csproj", "{F9DF1BBB-1487-48A4-B10A-5B5ECD016BD5}"
EndProject
Global
	GlobalSection(SolutionConfigurationPlatforms) = preSolution
		Debug|Any CPU = Debug|Any CPU
		Release|Any CPU = Release|Any CPU
	EndGlobalSection
	GlobalSection(ProjectConfigurationPlatforms) = postSolution
		{4F526C74-757A-451A-8244-C1C3BC08AAC1}.Debug|Any CPU.ActiveCfg = Debug|Any CPU
		{4F526C74-757A-451A-8244-C1C3BC08AAC1}.Debug|Any CPU.Build.0 = Debug|Any CPU
		{4F526C74-757A-451A-8244-C1C3BC08AAC1}.Debug|Any CPU.Deploy.0 = Debug|Any CPU
		{4F526C74-757A-451A-8244-C1C3BC08AAC1}.Release|Any CPU.ActiveCfg = Release|Any CPU
		{4F526C74-757A-451A-8244-C1C3BC08AAC1}.Release|Any CPU.Build.0 = Release|Any CPU
		{4F526C74-757A-451A-8244-C1C3BC08AAC1}.Release|Any CPU.Deploy.0 = Release|Any CPU
		{F9DF1BBB-1487-48A4-B10A-5B5ECD016BD5}.Debug|Any CPU.ActiveCfg = Debug|Any CPU
		{F9DF1BBB-1487-48A4-B10A-5B5ECD016BD5}.Debug|Any CPU.Build.0 = Debug|Any CPU
		{F9DF1BBB-1487-48A4-B10A-5B5ECD016BD5}.Release|Any CPU.ActiveCfg = Release|Any CPU
		{F9DF1BBB-1487-48A4-B10A-5B5ECD016BD5}.Release|Any CPU.Build.0 = Release|Any CPU
	EndGlobalSection
	GlobalSection(SolutionProperties) = preSolution
		HideSolutionNode = FALSE
	EndGlobalSection
	GlobalSection(ExtensibilityGlobals) = postSolution
		SolutionGuid = {6B1514F2-1953-47F8-B36D-C0EA5484AFC2}
	EndGlobalSection
EndGlobal
